
Microsoft Visual Studio Solution File, Format Version 12.00
# Visual Studio 15
VisualStudioVersion = 15.0.27428.2005
MinimumVisualStudioVersion = 10.0.40219.1
Project("{FAE04EC0-301F-11D3-BF4B-00C04F79EFBC}") = "My.Spam.Filter", "My.Spam.Filter\My.Spam.Filter.csproj", "{833A21FA-E354-4360-B7EB-2BD73ED13113}"
EndProject
Global
	GlobalSection(SolutionConfigurationPlatforms) = preSolution
		Debug|Any CPU = Debug|Any CPU
		Release|Any CPU = Release|Any CPU
	EndGlobalSection
	GlobalSection(ProjectConfigurationPlatforms) = postSolution
		{833A21FA-E354-4360-B7EB-2BD73ED13113}.Debug|Any CPU.ActiveCfg = Debug|Any CPU
		{833A21FA-E354-4360-B7EB-2BD73ED13113}.Debug|Any CPU.Build.0 = Debug|Any CPU
		{833A21FA-E354-4360-B7EB-2BD73ED13113}.Release|Any CPU.ActiveCfg = Release|Any CPU
		{833A21FA-E354-4360-B7EB-2BD73ED13113}.Release|Any CPU.Build.0 = Release|Any CPU
	EndGlobalSection
	GlobalSection(SolutionProperties) = preSolution
		HideSolutionNode = FALSE
	EndGlobalSection
	GlobalSection(ExtensibilityGlobals) = postSolution
		SolutionGuid = {18A4394A-2B30-4913-A9F2-000E7750B8C8}
	EndGlobalSection
EndGlobal
